
Microsoft Visual Studio Solution File, Format Version 12.00
# Visual Studio 14
VisualStudioVersion = 14.0.23107.0
MinimumVisualStudioVersion = 10.0.40219.1
Project("{FAE04EC0-301F-11D3-BF4B-00C04F79EFBC}") = "Hello.WCF", "Hello.WCF\Hello.WCF.csproj", "{7490FC45-680A-4AEC-80D7-5243188EDCDA}"
EndProject
Project("{FAE04EC0-301F-11D3-BF4B-00C04F79EFBC}") = "Hello.WCF.BuisnessLogic", "Hello.WCF.BuisnessLogic\Hello.WCF.BuisnessLogic.csproj", "{D7BA3BF8-2A70-4DEF-8812-7C306BCD4AD2}"
EndProject
Project("{FAE04EC0-301F-11D3-BF4B-00C04F79EFBC}") = "Hello.WCF.DataAccess", "Hello.WCF.DataAccess\Hello.WCF.DataAccess.csproj", "{D7D3FEA0-439D-4595-A9C6-2884D8020B9B}"
EndProject
Project("{FAE04EC0-301F-11D3-BF4B-00C04F79EFBC}") = "Hello.WCF.Dataobjects", "Hello.WCF.Dataobjects\Hello.WCF.Dataobjects.csproj", "{B5B253EF-B9BF-42D7-AEE6-FEA326BBFC6B}"
EndProject
Global
	GlobalSection(SolutionConfigurationPlatforms) = preSolution
		Debug|Any CPU = Debug|Any CPU
		Release|Any CPU = Release|Any CPU
	EndGlobalSection
	GlobalSection(ProjectConfigurationPlatforms) = postSolution
		{7490FC45-680A-4AEC-80D7-5243188EDCDA}.Debug|Any CPU.ActiveCfg = Debug|Any CPU
		{7490FC45-680A-4AEC-80D7-5243188EDCDA}.Debug|Any CPU.Build.0 = Debug|Any CPU
		{7490FC45-680A-4AEC-80D7-5243188EDCDA}.Release|Any CPU.ActiveCfg = Release|Any CPU
		{7490FC45-680A-4AEC-80D7-5243188EDCDA}.Release|Any CPU.Build.0 = Release|Any CPU
		{D7BA3BF8-2A70-4DEF-8812-7C306BCD4AD2}.Debug|Any CPU.ActiveCfg = Debug|Any CPU
		{D7BA3BF8-2A70-4DEF-8812-7C306BCD4AD2}.Debug|Any CPU.Build.0 = Debug|Any CPU
		{D7BA3BF8-2A70-4DEF-8812-7C306BCD4AD2}.Release|Any CPU.ActiveCfg = Release|Any CPU
		{D7BA3BF8-2A70-4DEF-8812-7C306BCD4AD2}.Release|Any CPU.Build.0 = Release|Any CPU
		{D7D3FEA0-439D-4595-A9C6-2884D8020B9B}.Debug|Any CPU.ActiveCfg = Debug|Any CPU
		{D7D3FEA0-439D-4595-A9C6-2884D8020B9B}.Debug|Any CPU.Build.0 = Debug|Any CPU
		{D7D3FEA0-439D-4595-A9C6-2884D8020B9B}.Release|Any CPU.ActiveCfg = Release|Any CPU
		{D7D3FEA0-439D-4595-A9C6-2884D8020B9B}.Release|Any CPU.Build.0 = Release|Any CPU
		{B5B253EF-B9BF-42D7-AEE6-FEA326BBFC6B}.Debug|Any CPU.ActiveCfg = Debug|Any CPU
		{B5B253EF-B9BF-42D7-AEE6-FEA326BBFC6B}.Debug|Any CPU.Build.0 = Debug|Any CPU
		{B5B253EF-B9BF-42D7-AEE6-FEA326BBFC6B}.Release|Any CPU.ActiveCfg = Release|Any CPU
		{B5B253EF-B9BF-42D7-AEE6-FEA326BBFC6B}.Release|Any CPU.Build.0 = Release|Any CPU
	EndGlobalSection
	GlobalSection(SolutionProperties) = preSolution
		HideSolutionNode = FALSE
	EndGlobalSection
EndGlobal
